
Microsoft Visual Studio Solution File, Format Version 12.00
# Visual Studio Version 17
VisualStudioVersion = 17.10.35004.147
MinimumVisualStudioVersion = 10.0.40219.1
Project("{9A19103F-16F7-4668-BE54-9A1E7A4F7556}") = "MagicVilla_VillaAPI", "MagicVilla_VillaAPI\MagicVilla_VillaAPI.csproj", "{678CFEBB-D0BD-4903-87CB-3BD2A0A222D9}"
EndProject
Project("{FAE04EC0-301F-11D3-BF4B-00C04F79EFBC}") = "MagicVilla_Web", "MagicVilla_Web\MagicVilla_Web.csproj", "{9AE36280-0CD0-4B71-91F3-0365CC5EBAA0}"
EndProject
Project("{FAE04EC0-301F-11D3-BF4B-00C04F79EFBC}") = "MagicVilla_Utility", "MagicVilla_Utility\MagicVilla_Utility.csproj", "{6A6AAE24-3086-4083-97D4-3097417ADA8E}"
EndProject
Global
	GlobalSection(SolutionConfigurationPlatforms) = preSolution
		Debug|Any CPU = Debug|Any CPU
		Release|Any CPU = Release|Any CPU
	EndGlobalSection
	GlobalSection(ProjectConfigurationPlatforms) = postSolution
		{678CFEBB-D0BD-4903-87CB-3BD2A0A222D9}.Debug|Any CPU.ActiveCfg = Debug|Any CPU
		{678CFEBB-D0BD-4903-87CB-3BD2A0A222D9}.Debug|Any CPU.Build.0 = Debug|Any CPU
		{678CFEBB-D0BD-4903-87CB-3BD2A0A222D9}.Release|Any CPU.ActiveCfg = Release|Any CPU
		{678CFEBB-D0BD-4903-87CB-3BD2A0A222D9}.Release|Any CPU.Build.0 = Release|Any CPU
		{9AE36280-0CD0-4B71-91F3-0365CC5EBAA0}.Debug|Any CPU.ActiveCfg = Debug|Any CPU
		{9AE36280-0CD0-4B71-91F3-0365CC5EBAA0}.Debug|Any CPU.Build.0 = Debug|Any CPU
		{9AE36280-0CD0-4B71-91F3-0365CC5EBAA0}.Release|Any CPU.ActiveCfg = Release|Any CPU
		{9AE36280-0CD0-4B71-91F3-0365CC5EBAA0}.Release|Any CPU.Build.0 = Release|Any CPU
		{6A6AAE24-3086-4083-97D4-3097417ADA8E}.Debug|Any CPU.ActiveCfg = Debug|Any CPU
		{6A6AAE24-3086-4083-97D4-3097417ADA8E}.Debug|Any CPU.Build.0 = Debug|Any CPU
		{6A6AAE24-3086-4083-97D4-3097417ADA8E}.Release|Any CPU.ActiveCfg = Release|Any CPU
		{6A6AAE24-3086-4083-97D4-3097417ADA8E}.Release|Any CPU.Build.0 = Release|Any CPU
	EndGlobalSection
	GlobalSection(SolutionProperties) = preSolution
		HideSolutionNode = FALSE
	EndGlobalSection
	GlobalSection(ExtensibilityGlobals) = postSolution
		SolutionGuid = {8570FA5E-3BC8-49B4-91D7-7CF404B8C05B}
	EndGlobalSection
EndGlobal
