
Microsoft Visual Studio Solution File, Format Version 12.00
# Visual Studio Version 17
VisualStudioVersion = 17.10.35004.147
MinimumVisualStudioVersion = 10.0.40219.1
Project("{FAE04EC0-301F-11D3-BF4B-00C04F79EFBC}") = "MagicVilla_VillaAPI", "MagicVilla_VillaAPI\MagicVilla_VillaAPI.csproj", "{678CFEBB-D0BD-4903-87CB-3BD2A0A222D9}"
EndProject
Global
	GlobalSection(SolutionConfigurationPlatforms) = preSolution
		Debug|Any CPU = Debug|Any CPU
		Release|Any CPU = Release|Any CPU
	EndGlobalSection
	GlobalSection(ProjectConfigurationPlatforms) = postSolution
		{678CFEBB-D0BD-4903-87CB-3BD2A0A222D9}.Debug|Any CPU.ActiveCfg = Debug|Any CPU
		{678CFEBB-D0BD-4903-87CB-3BD2A0A222D9}.Debug|Any CPU.Build.0 = Debug|Any CPU
		{678CFEBB-D0BD-4903-87CB-3BD2A0A222D9}.Release|Any CPU.ActiveCfg = Release|Any CPU
		{678CFEBB-D0BD-4903-87CB-3BD2A0A222D9}.Release|Any CPU.Build.0 = Release|Any CPU
	EndGlobalSection
	GlobalSection(SolutionProperties) = preSolution
		HideSolutionNode = FALSE
	EndGlobalSection
	GlobalSection(ExtensibilityGlobals) = postSolution
		SolutionGuid = {8570FA5E-3BC8-49B4-91D7-7CF404B8C05B}
	EndGlobalSection
EndGlobal
